// !$*UTF8*$!
{
	archiveVersion = 1;
	classes = {
	};
	objectVersion = 54;
	objects = {

/* Begin PBXBuildFile section */
		051673C02FA9205400E4FD20 /* AppIcon.icon in Resources */ = {isa = PBXBuildFile; fileRef = 051673BF2FA9205400E4FD20 /* AppIcon.icon */; };
		05F195182F65DE4C008DEF94 /* KeyJig.sdef in Resources */ = {isa = PBXBuildFile; fileRef = 05F195172F65DE4C008DEF94 /* KeyJig.sdef */; };
		05F195192F65DE4C008DEF94 /* ScriptingCommands.swift in Sources */ = {isa = PBXBuildFile; fileRef = 05F1951A2F65DE4C008DEF94 /* ScriptingCommands.swift */; };
		05FB65842FA5BC1F00C7674D /* ClipboardHelpers.swift in Sources */ = {isa = PBXBuildFile; fileRef = 05FB657E2FA5BC1F00C7674D /* ClipboardHelpers.swift */; };
		05FB65852FA5BC1F00C7674D /* InkscapeIntegration.swift in Sources */ = {isa = PBXBuildFile; fileRef = 05FB657F2FA5BC1F00C7674D /* InkscapeIntegration.swift */; };
		05CC11012FA5BC1F00C7674D /* KeynoteIntegration.swift in Sources */ = {isa = PBXBuildFile; fileRef = 05CC11002FA5BC1F00C7674D /* KeynoteIntegration.swift */; };
		05FB65862FA5BC1F00C7674D /* SVGProcessing.swift in Sources */ = {isa = PBXBuildFile; fileRef = 05FB65812FA5BC1F00C7674D /* SVGProcessing.swift */; };
		05FB65872FA5BC1F00C7674D /* AppState.swift in Sources */ = {isa = PBXBuildFile; fileRef = 05FB657D2FA5BC1F00C7674D /* AppState.swift */; };
		05FB65882FA5BC1F00C7674D /* SettingsWindowController.swift in Sources */ = {isa = PBXBuildFile; fileRef = 05FB65802FA5BC1F00C7674D /* SettingsWindowController.swift */; };
		459A279123AA910B003D50EC /* AppDelegate.swift in Sources */ = {isa = PBXBuildFile; fileRef = 459A279023AA910B003D50EC /* AppDelegate.swift */; };
		459A279323AA910B003D50EC /* ContentView.swift in Sources */ = {isa = PBXBuildFile; fileRef = 459A279223AA910B003D50EC /* ContentView.swift */; };
		459A279523AA910B003D50EC /* Assets.xcassets in Resources */ = {isa = PBXBuildFile; fileRef = 459A279423AA910B003D50EC /* Assets.xcassets */; };
		459A279823AA910B003D50EC /* Preview Assets.xcassets in Resources */ = {isa = PBXBuildFile; fileRef = 459A279723AA910B003D50EC /* Preview Assets.xcassets */; };
		459A279B23AA910B003D50EC /* Main.storyboard in Resources */ = {isa = PBXBuildFile; fileRef = 459A279923AA910B003D50EC /* Main.storyboard */; };
		AA10010000000000000000B0 /* Localizable.strings in Resources */ = {isa = PBXBuildFile; fileRef = AA10010000000000000000A0 /* Localizable.strings */; };
		AA10010000000000000000C0 /* Localizable.stringsdict in Resources */ = {isa = PBXBuildFile; fileRef = AA10010000000000000000B1 /* Localizable.stringsdict */; };
		BB942CF682F473477D8EF06C /* SettingsView.swift in Sources */ = {isa = PBXBuildFile; fileRef = AA0CCA99F0817B45088BB121 /* SettingsView.swift */; };
/* End PBXBuildFile section */

/* Begin PBXFileReference section */
		051673BF2FA9205400E4FD20 /* AppIcon.icon */ = {isa = PBXFileReference; lastKnownFileType = folder.iconcomposer.icon; path = AppIcon.icon; sourceTree = "<group>"; };
		057851852F48F0D900ED1254 /* SwiftUIMenuBar.entitlements */ = {isa = PBXFileReference; lastKnownFileType = text.plist.entitlements; path = SwiftUIMenuBar.entitlements; sourceTree = "<group>"; };
		05F195172F65DE4C008DEF94 /* KeyJig.sdef */ = {isa = PBXFileReference; lastKnownFileType = text.xml; path = KeyJig.sdef; sourceTree = "<group>"; };
		05F1951A2F65DE4C008DEF94 /* ScriptingCommands.swift */ = {isa = PBXFileReference; lastKnownFileType = sourcecode.swift; path = ScriptingCommands.swift; sourceTree = "<group>"; };
		05FB657D2FA5BC1F00C7674D /* AppState.swift */ = {isa = PBXFileReference; lastKnownFileType = sourcecode.swift; path = AppState.swift; sourceTree = "<group>"; };
		05FB657E2FA5BC1F00C7674D /* ClipboardHelpers.swift */ = {isa = PBXFileReference; lastKnownFileType = sourcecode.swift; path = ClipboardHelpers.swift; sourceTree = "<group>"; };
		05FB657F2FA5BC1F00C7674D /* InkscapeIntegration.swift */ = {isa = PBXFileReference; lastKnownFileType = sourcecode.swift; path = InkscapeIntegration.swift; sourceTree = "<group>"; };
		05CC11002FA5BC1F00C7674D /* KeynoteIntegration.swift */ = {isa = PBXFileReference; lastKnownFileType = sourcecode.swift; path = KeynoteIntegration.swift; sourceTree = "<group>"; };
		05FB65802FA5BC1F00C7674D /* SettingsWindowController.swift */ = {isa = PBXFileReference; lastKnownFileType = sourcecode.swift; path = SettingsWindowController.swift; sourceTree = "<group>"; };
		05FB65812FA5BC1F00C7674D /* SVGProcessing.swift */ = {isa = PBXFileReference; lastKnownFileType = sourcecode.swift; path = SVGProcessing.swift; sourceTree = "<group>"; };
		459A278D23AA910B003D50EC /* KeyJig.app */ = {isa = PBXFileReference; explicitFileType = wrapper.application; includeInIndex = 0; path = KeyJig.app; sourceTree = BUILT_PRODUCTS_DIR; };
		459A279023AA910B003D50EC /* AppDelegate.swift */ = {isa = PBXFileReference; lastKnownFileType = sourcecode.swift; path = AppDelegate.swift; sourceTree = "<group>"; };
		459A279223AA910B003D50EC /* ContentView.swift */ = {isa = PBXFileReference; lastKnownFileType = sourcecode.swift; path = ContentView.swift; sourceTree = "<group>"; };
		459A279423AA910B003D50EC /* Assets.xcassets */ = {isa = PBXFileReference; lastKnownFileType = folder.assetcatalog; path = Assets.xcassets; sourceTree = "<group>"; };
		459A279723AA910B003D50EC /* Preview Assets.xcassets */ = {isa = PBXFileReference; lastKnownFileType = folder.assetcatalog; path = "Preview Assets.xcassets"; sourceTree = "<group>"; };
		459A279A23AA910B003D50EC /* Base */ = {isa = PBXFileReference; lastKnownFileType = file.storyboard; name = Base; path = Base.lproj/Main.storyboard; sourceTree = "<group>"; };
		459A279C23AA910B003D50EC /* Info.plist */ = {isa = PBXFileReference; lastKnownFileType = text.plist.xml; path = Info.plist; sourceTree = "<group>"; };
		AA0CCA99F0817B45088BB121 /* SettingsView.swift */ = {isa = PBXFileReference; lastKnownFileType = sourcecode.swift; path = SettingsView.swift; sourceTree = "<group>"; };
		AA100100000000000000001 /* en */ = {isa = PBXFileReference; lastKnownFileType = text.plist.strings; name = en; path = en.lproj/Localizable.strings; sourceTree = "<group>"; };
		AA100100000000000000002 /* de */ = {isa = PBXFileReference; lastKnownFileType = text.plist.strings; name = de; path = de.lproj/Localizable.strings; sourceTree = "<group>"; };
		AA100100000000000000003 /* es */ = {isa = PBXFileReference; lastKnownFileType = text.plist.strings; name = es; path = es.lproj/Localizable.strings; sourceTree = "<group>"; };
		AA100100000000000000004 /* ja */ = {isa = PBXFileReference; lastKnownFileType = text.plist.strings; name = ja; path = ja.lproj/Localizable.strings; sourceTree = "<group>"; };
		AA100100000000000000005 /* en */ = {isa = PBXFileReference; lastKnownFileType = text.plist.stringsdict; name = en; path = en.lproj/Localizable.stringsdict; sourceTree = "<group>"; };
		AA100100000000000000006 /* de */ = {isa = PBXFileReference; lastKnownFileType = text.plist.stringsdict; name = de; path = de.lproj/Localizable.stringsdict; sourceTree = "<group>"; };
		AA100100000000000000007 /* es */ = {isa = PBXFileReference; lastKnownFileType = text.plist.stringsdict; name = es; path = es.lproj/Localizable.stringsdict; sourceTree = "<group>"; };
		AA100100000000000000008 /* ja */ = {isa = PBXFileReference; lastKnownFileType = text.plist.stringsdict; name = ja; path = ja.lproj/Localizable.stringsdict; sourceTree = "<group>"; };
/* End PBXFileReference section */

/* Begin PBXFrameworksBuildPhase section */
		459A278A23AA910B003D50EC /* Frameworks */ = {
			isa = PBXFrameworksBuildPhase;
			buildActionMask = 2147483647;
			files = (
			);
			runOnlyForDeploymentPostprocessing = 0;
		};
/* End PBXFrameworksBuildPhase section */

/* Begin PBXGroup section */
		459A278423AA910A003D50EC = {
			isa = PBXGroup;
			children = (
				459A278F23AA910B003D50EC /* KeyJig */,
				459A278E23AA910B003D50EC /* Products */,
				AB8978BB26A42A26003D201E /* Frameworks */,
				051673BF2FA9205400E4FD20 /* AppIcon.icon */,
			);
			sourceTree = "<group>";
		};
		459A278E23AA910B003D50EC /* Products */ = {
			isa = PBXGroup;
			children = (
				459A278D23AA910B003D50EC /* KeyJig.app */,
			);
			name = Products;
			sourceTree = "<group>";
		};
		459A278F23AA910B003D50EC /* KeyJig */ = {
			isa = PBXGroup;
			children = (
				AA10010000000000000000A0 /* Localizable.strings */,
				AA10010000000000000000B1 /* Localizable.stringsdict */,
				05F195172F65DE4C008DEF94 /* KeyJig.sdef */,
				459A279023AA910B003D50EC /* AppDelegate.swift */,
				459A279223AA910B003D50EC /* ContentView.swift */,
				05F1951A2F65DE4C008DEF94 /* ScriptingCommands.swift */,
				AA0CCA99F0817B45088BB121 /* SettingsView.swift */,
				459A279423AA910B003D50EC /* Assets.xcassets */,
				459A279923AA910B003D50EC /* Main.storyboard */,
				459A279C23AA910B003D50EC /* Info.plist */,
				459A279623AA910B003D50EC /* Preview Content */,
				057851852F48F0D900ED1254 /* SwiftUIMenuBar.entitlements */,
				05FB65802FA5BC1F00C7674D /* SettingsWindowController.swift */,
				05FB657D2FA5BC1F00C7674D /* AppState.swift */,
				05FB657E2FA5BC1F00C7674D /* ClipboardHelpers.swift */,
				05FB657F2FA5BC1F00C7674D /* InkscapeIntegration.swift */,
				05CC11002FA5BC1F00C7674D /* KeynoteIntegration.swift */,
				05FB65812FA5BC1F00C7674D /* SVGProcessing.swift */,
			);
			path = KeyJig;
			sourceTree = "<group>";
		};
		459A279623AA910B003D50EC /* Preview Content */ = {
			isa = PBXGroup;
			children = (
				459A279723AA910B003D50EC /* Preview Assets.xcassets */,
			);
			path = "Preview Content";
			sourceTree = "<group>";
		};
		AB8978BB26A42A26003D201E /* Frameworks */ = {
			isa = PBXGroup;
			children = (
			);
			name = Frameworks;
			sourceTree = "<group>";
		};
/* End PBXGroup section */

/* Begin PBXNativeTarget section */
		459A278C23AA910B003D50EC /* KeyJig */ = {
			isa = PBXNativeTarget;
			buildConfigurationList = 459A27A023AA910B003D50EC /* Build configuration list for PBXNativeTarget "KeyJig" */;
			buildPhases = (
				459A278923AA910B003D50EC /* Sources */,
				459A278A23AA910B003D50EC /* Frameworks */,
				459A278B23AA910B003D50EC /* Resources */,
			);
			buildRules = (
			);
			dependencies = (
			);
			name = KeyJig;
			productName = SwiftUIMenuBar;
			productReference = 459A278D23AA910B003D50EC /* KeyJig.app */;
			productType = "com.apple.product-type.application";
		};
/* End PBXNativeTarget section */

/* Begin PBXProject section */
		459A278523AA910A003D50EC /* Project object */ = {
			isa = PBXProject;
			attributes = {
				LastSwiftUpdateCheck = 1130;
				LastUpgradeCheck = 1250;
				ORGANIZATIONNAME = Cyzor;
				TargetAttributes = {
					459A278C23AA910B003D50EC = {
						CreatedOnToolsVersion = 11.3;
						LastSwiftMigration = 1250;
					};
				};
			};
			buildConfigurationList = 459A278823AA910A003D50EC /* Build configuration list for PBXProject "KeyJig" */;
			compatibilityVersion = "Xcode 12.0";
			developmentRegion = en;
			hasScannedForEncodings = 0;
			knownRegions = (
				en,
				Base,
				de,
				es,
				ja,
			);
			mainGroup = 459A278423AA910A003D50EC;
			productRefGroup = 459A278E23AA910B003D50EC /* Products */;
			projectDirPath = "";
			projectRoot = "";
			targets = (
				459A278C23AA910B003D50EC /* KeyJig */,
			);
		};
/* End PBXProject section */

/* Begin PBXResourcesBuildPhase section */
		459A278B23AA910B003D50EC /* Resources */ = {
			isa = PBXResourcesBuildPhase;
			buildActionMask = 2147483647;
			files = (
				AA10010000000000000000B0 /* Localizable.strings in Resources */,
				AA10010000000000000000C0 /* Localizable.stringsdict in Resources */,
				05F195182F65DE4C008DEF94 /* KeyJig.sdef in Resources */,
				051673C02FA9205400E4FD20 /* AppIcon.icon in Resources */,
				459A279B23AA910B003D50EC /* Main.storyboard in Resources */,
				459A279823AA910B003D50EC /* Preview Assets.xcassets in Resources */,
				459A279523AA910B003D50EC /* Assets.xcassets in Resources */,
			);
			runOnlyForDeploymentPostprocessing = 0;
		};
/* End PBXResourcesBuildPhase section */

/* Begin PBXSourcesBuildPhase section */
		459A278923AA910B003D50EC /* Sources */ = {
			isa = PBXSourcesBuildPhase;
			buildActionMask = 2147483647;
			files = (
				459A279323AA910B003D50EC /* ContentView.swift in Sources */,
				459A279123AA910B003D50EC /* AppDelegate.swift in Sources */,
				05F195192F65DE4C008DEF94 /* ScriptingCommands.swift in Sources */,
				BB942CF682F473477D8EF06C /* SettingsView.swift in Sources */,
				05FB65882FA5BC1F00C7674D /* SettingsWindowController.swift in Sources */,
				05FB65872FA5BC1F00C7674D /* AppState.swift in Sources */,
				05FB65842FA5BC1F00C7674D /* ClipboardHelpers.swift in Sources */,
				05FB65852FA5BC1F00C7674D /* InkscapeIntegration.swift in Sources */,
				05CC11012FA5BC1F00C7674D /* KeynoteIntegration.swift in Sources */,
				05FB65862FA5BC1F00C7674D /* SVGProcessing.swift in Sources */,
			);
			runOnlyForDeploymentPostprocessing = 0;
		};
/* End PBXSourcesBuildPhase section */

/* Begin PBXVariantGroup section */
		459A279923AA910B003D50EC /* Main.storyboard */ = {
			isa = PBXVariantGroup;
			children = (
				459A279A23AA910B003D50EC /* Base */,
			);
			name = Main.storyboard;
			sourceTree = "<group>";
		};
		AA10010000000000000000A0 /* Localizable.strings */ = {
			isa = PBXVariantGroup;
			children = (
				AA100100000000000000001 /* en */,
				AA100100000000000000002 /* de */,
				AA100100000000000000003 /* es */,
				AA100100000000000000004 /* ja */,
			);
			name = Localizable.strings;
			sourceTree = "<group>";
		};
		AA10010000000000000000B1 /* Localizable.stringsdict */ = {
			isa = PBXVariantGroup;
			children = (
				AA100100000000000000005 /* en */,
				AA100100000000000000006 /* de */,
				AA100100000000000000007 /* es */,
				AA100100000000000000008 /* ja */,
			);
			name = Localizable.stringsdict;
			sourceTree = "<group>";
		};
/* End PBXVariantGroup section */

/* Begin XCBuildConfiguration section */
		459A279E23AA910B003D50EC /* Debug */ = {
			isa = XCBuildConfiguration;
			buildSettings = {
				ALWAYS_SEARCH_USER_PATHS = NO;
				CLANG_ALLOW_NON_MODULAR_INCLUDES_IN_FRAMEWORK_MODULES = NO;
				CLANG_ANALYZER_NONNULL = YES;
				CLANG_ANALYZER_NUMBER_OBJECT_CONVERSION = YES_AGGRESSIVE;
				CLANG_CXX_LANGUAGE_STANDARD = "gnu++14";
				CLANG_CXX_LIBRARY = "libc++";
				CLANG_ENABLE_MODULES = YES;
				CLANG_ENABLE_OBJC_ARC = YES;
				CLANG_ENABLE_OBJC_WEAK = YES;
				CLANG_WARN_BLOCK_CAPTURE_AUTORELEASING = YES;
				CLANG_WARN_BOOL_CONVERSION = YES;
				CLANG_WARN_COMMA = YES;
				CLANG_WARN_CONSTANT_CONVERSION = YES;
				CLANG_WARN_DEPRECATED_OBJC_IMPLEMENTATIONS = YES;
				CLANG_WARN_DIRECT_OBJC_ISA_USAGE = YES_ERROR;
				CLANG_WARN_DOCUMENTATION_COMMENTS = YES;
				CLANG_WARN_EMPTY_BODY = YES;
				CLANG_WARN_ENUM_CONVERSION = YES;
				CLANG_WARN_INFINITE_RECURSION = YES;
				CLANG_WARN_INT_CONVERSION = YES;
				CLANG_WARN_NON_LITERAL_NULL_CONVERSION = YES;
				CLANG_WARN_OBJC_IMPLICIT_RETAIN_SELF = YES;
				CLANG_WARN_OBJC_LITERAL_CONVERSION = YES;
				CLANG_WARN_OBJC_ROOT_CLASS = YES_ERROR;
				CLANG_WARN_QUOTED_INCLUDE_IN_FRAMEWORK_HEADER = YES;
				CLANG_WARN_RANGE_LOOP_ANALYSIS = YES;
				CLANG_WARN_STRICT_PROTOTYPES = YES;
				CLANG_WARN_SUSPICIOUS_MOVE = YES;
				CLANG_WARN_UNGUARDED_AVAILABILITY = YES_AGGRESSIVE;
				CLANG_WARN_UNREACHABLE_CODE = YES;
				CLANG_WARN__DUPLICATE_METHOD_MATCH = YES;
				COPY_PHASE_STRIP = NO;
				DEBUG_INFORMATION_FORMAT = dwarf;
				ENABLE_STRICT_OBJC_MSGSEND = YES;
				ENABLE_TESTABILITY = YES;
				GCC_C_LANGUAGE_STANDARD = gnu11;
				GCC_DYNAMIC_NO_PIC = NO;
				GCC_NO_COMMON_BLOCKS = YES;
				GCC_OPTIMIZATION_LEVEL = 0;
				GCC_PREPROCESSOR_DEFINITIONS = (
					"DEBUG=1",
					"$(inherited)",
				);
				GCC_WARN_64_TO_32_BIT_CONVERSION = YES;
				GCC_WARN_ABOUT_RETURN_TYPE = YES_ERROR;
				GCC_WARN_UNDECLARED_SELECTOR = YES;
				GCC_WARN_UNINITIALIZED_AUTOS = YES_AGGRESSIVE;
				GCC_WARN_UNUSED_FUNCTION = YES;
				GCC_WARN_UNUSED_VARIABLE = YES;
				MACOSX_DEPLOYMENT_TARGET = 11.5;
				MTL_ENABLE_DEBUG_INFO = INCLUDE_SOURCE;
				MTL_FAST_MATH = YES;
				ONLY_ACTIVE_ARCH = YES;
				SDKROOT = macosx;
				SWIFT_ACTIVE_COMPILATION_CONDITIONS = DEBUG;
				SWIFT_OPTIMIZATION_LEVEL = "-Onone";
			};
			name = Debug;
		};
		459A279F23AA910B003D50EC /* Release */ = {
			isa = XCBuildConfiguration;
			buildSettings = {
				ALWAYS_SEARCH_USER_PATHS = NO;
				CLANG_ALLOW_NON_MODULAR_INCLUDES_IN_FRAMEWORK_MODULES = NO;
				CLANG_ANALYZER_NONNULL = YES;
				CLANG_ANALYZER_NUMBER_OBJECT_CONVERSION = YES_AGGRESSIVE;
				CLANG_CXX_LANGUAGE_STANDARD = "gnu++14";
				CLANG_CXX_LIBRARY = "libc++";
				CLANG_ENABLE_MODULES = YES;
				CLANG_ENABLE_OBJC_ARC = YES;
				CLANG_ENABLE_OBJC_WEAK = YES;
				CLANG_WARN_BLOCK_CAPTURE_AUTORELEASING = YES;
				CLANG_WARN_BOOL_CONVERSION = YES;
				CLANG_WARN_COMMA = YES;
				CLANG_WARN_CONSTANT_CONVERSION = YES;
				CLANG_WARN_DEPRECATED_OBJC_IMPLEMENTATIONS = YES;
				CLANG_WARN_DIRECT_OBJC_ISA_USAGE = YES_ERROR;
				CLANG_WARN_DOCUMENTATION_COMMENTS = YES;
				CLANG_WARN_EMPTY_BODY = YES;
				CLANG_WARN_ENUM_CONVERSION = YES;
				CLANG_WARN_INFINITE_RECURSION = YES;
				CLANG_WARN_INT_CONVERSION = YES;
				CLANG_WARN_NON_LITERAL_NULL_CONVERSION = YES;
				CLANG_WARN_OBJC_IMPLICIT_RETAIN_SELF = YES;
				CLANG_WARN_OBJC_LITERAL_CONVERSION = YES;
				CLANG_WARN_OBJC_ROOT_CLASS = YES_ERROR;
				CLANG_WARN_QUOTED_INCLUDE_IN_FRAMEWORK_HEADER = YES;
				CLANG_WARN_RANGE_LOOP_ANALYSIS = YES;
				CLANG_WARN_STRICT_PROTOTYPES = YES;
				CLANG_WARN_SUSPICIOUS_MOVE = YES;
				CLANG_WARN_UNGUARDED_AVAILABILITY = YES_AGGRESSIVE;
				CLANG_WARN_UNREACHABLE_CODE = YES;
				CLANG_WARN__DUPLICATE_METHOD_MATCH = YES;
				COPY_PHASE_STRIP = NO;
				DEBUG_INFORMATION_FORMAT = "dwarf-with-dsym";
				ENABLE_NS_ASSERTIONS = NO;
				ENABLE_STRICT_OBJC_MSGSEND = YES;
				GCC_C_LANGUAGE_STANDARD = gnu11;
				GCC_NO_COMMON_BLOCKS = YES;
				GCC_WARN_64_TO_32_BIT_CONVERSION = YES;
				GCC_WARN_ABOUT_RETURN_TYPE = YES_ERROR;
				GCC_WARN_UNDECLARED_SELECTOR = YES;
				GCC_WARN_UNINITIALIZED_AUTOS = YES_AGGRESSIVE;
				GCC_WARN_UNUSED_FUNCTION = YES;
				GCC_WARN_UNUSED_VARIABLE = YES;
				MACOSX_DEPLOYMENT_TARGET = 11.5;
				MTL_ENABLE_DEBUG_INFO = NO;
				MTL_FAST_MATH = YES;
				SDKROOT = macosx;
				SWIFT_COMPILATION_MODE = wholemodule;
				SWIFT_OPTIMIZATION_LEVEL = "-O";
			};
			name = Release;
		};
		459A27A123AA910B003D50EC /* Debug */ = {
			isa = XCBuildConfiguration;
			buildSettings = {
				ARCHS = "$(ARCHS_STANDARD)";
				ASSETCATALOG_COMPILER_APPICON_NAME = AppIcon;
				ASSETCATALOG_COMPILER_INCLUDE_ALL_APPICON_ASSETS = NO;
				CLANG_CXX_LIBRARY = "libc++";
				CLANG_ENABLE_MODULES = YES;
				CODE_SIGN_ENTITLEMENTS = KeyJig/SwiftUIMenuBar.entitlements;
				CODE_SIGN_IDENTITY = "Apple Development";
				"CODE_SIGN_IDENTITY[sdk=macosx*]" = "Developer ID Application";
				CODE_SIGN_STYLE = Manual;
				COMBINE_HIDPI_IMAGES = YES;
				CURRENT_PROJECT_VERSION = 1;
				DEVELOPMENT_ASSET_PATHS = "\"KeyJig/Preview Content\"";
				DEVELOPMENT_TEAM = "";
				"DEVELOPMENT_TEAM[sdk=macosx*]" = 3R62GZR6Q2;
				ENABLE_HARDENED_RUNTIME = YES;
				ENABLE_PREVIEWS = YES;
				HEADER_SEARCH_PATHS = (
					"$(inherited)",
					/usr/local/include,
					/opt/homebrew/include,
				);
				INFOPLIST_FILE = KeyJig/Info.plist;
				INFOPLIST_KEY_LSApplicationCategoryType = "public.app-category.utilities";
				LD_RUNPATH_SEARCH_PATHS = (
					"$(inherited)",
					"@executable_path/../Frameworks",
				);
				LIBRARY_SEARCH_PATHS = (
					"$(inherited)",
					"$(PROJECT_DIR)",
					/usr/local/lib,
					/opt/homebrew/lib,
				);
				MACOSX_DEPLOYMENT_TARGET = 11.5;
				MARKETING_VERSION = 1.0.1;
				OTHER_LDFLAGS = "";
				PRODUCT_BUNDLE_IDENTIFIER = com.cyzor.KeyJig;
				PRODUCT_NAME = "$(TARGET_NAME)";
				PROVISIONING_PROFILE_SPECIFIER = "";
				SWIFT_OPTIMIZATION_LEVEL = "-Onone";
				SWIFT_VERSION = 5.0;
			};
			name = Debug;
		};
		459A27A223AA910B003D50EC /* Release */ = {
			isa = XCBuildConfiguration;
			buildSettings = {
				ARCHS = "$(ARCHS_STANDARD)";
				ASSETCATALOG_COMPILER_APPICON_NAME = AppIcon;
				ASSETCATALOG_COMPILER_INCLUDE_ALL_APPICON_ASSETS = NO;
				CLANG_CXX_LIBRARY = "libc++";
				CLANG_ENABLE_MODULES = YES;
				CODE_SIGN_ENTITLEMENTS = KeyJig/SwiftUIMenuBar.entitlements;
				CODE_SIGN_IDENTITY = "Apple Development";
				"CODE_SIGN_IDENTITY[sdk=macosx*]" = "Developer ID Application";
				CODE_SIGN_STYLE = Manual;
				COMBINE_HIDPI_IMAGES = YES;
				CURRENT_PROJECT_VERSION = 1;
				DEVELOPMENT_ASSET_PATHS = "\"KeyJig/Preview Content\"";
				DEVELOPMENT_TEAM = "";
				"DEVELOPMENT_TEAM[sdk=macosx*]" = 3R62GZR6Q2;
				ENABLE_HARDENED_RUNTIME = YES;
				ENABLE_PREVIEWS = YES;
				HEADER_SEARCH_PATHS = (
					"$(inherited)",
					/usr/local/include,
					/opt/homebrew/include,
				);
				INFOPLIST_FILE = KeyJig/Info.plist;
				INFOPLIST_KEY_LSApplicationCategoryType = "public.app-category.utilities";
				LD_RUNPATH_SEARCH_PATHS = (
					"$(inherited)",
					"@executable_path/../Frameworks",
				);
				LIBRARY_SEARCH_PATHS = (
					"$(inherited)",
					"$(PROJECT_DIR)",
					/usr/local/lib,
					/opt/homebrew/lib,
				);
				MACOSX_DEPLOYMENT_TARGET = 11.5;
				MARKETING_VERSION = 1.0.1;
				ONLY_ACTIVE_ARCH = YES;
				OTHER_LDFLAGS = "";
				PRODUCT_BUNDLE_IDENTIFIER = com.cyzor.KeyJig;
				PRODUCT_NAME = "$(TARGET_NAME)";
				PROVISIONING_PROFILE_SPECIFIER = "";
				SWIFT_VERSION = 5.0;
			};
			name = Release;
		};
/* End XCBuildConfiguration section */

/* Begin XCConfigurationList section */
		459A278823AA910A003D50EC /* Build configuration list for PBXProject "KeyJig" */ = {
			isa = XCConfigurationList;
			buildConfigurations = (
				459A279E23AA910B003D50EC /* Debug */,
				459A279F23AA910B003D50EC /* Release */,
			);
			defaultConfigurationIsVisible = 0;
			defaultConfigurationName = Release;
		};
		459A27A023AA910B003D50EC /* Build configuration list for PBXNativeTarget "KeyJig" */ = {
			isa = XCConfigurationList;
			buildConfigurations = (
				459A27A123AA910B003D50EC /* Debug */,
				459A27A223AA910B003D50EC /* Release */,
			);
			defaultConfigurationIsVisible = 0;
			defaultConfigurationName = Release;
		};
/* End XCConfigurationList section */
	};
	rootObject = 459A278523AA910A003D50EC /* Project object */;
}
